[root]
name = "procmon_sys"
version = "0.0.1"
dependencies = [
 "gcc 0.3.54 (registry+https://github.com/rust-lang/crates.io-index)",
 "libc 0.2.31 (registry+https://github.com/rust-lang/crates.io-index)",
]

[[package]]
name = "gcc"
version = "0.3.54"
source = "registry+https://github.com/rust-lang/crates.io-index"

[[package]]
name = "libc"
version = "0.2.31"
source = "registry+https://github.com/rust-lang/crates.io-index"

[metadata]
"checksum gcc 0.3.54 (registry+https://github.com/rust-lang/crates.io-index)" = "5e33ec290da0d127825013597dbdfc28bee4964690c7ce1166cbc2a7bd08b1bb"
"checksum libc 0.2.31 (registry+https://github.com/rust-lang/crates.io-index)" = "d1419b2939a0bc44b77feb34661583c7546b532b192feab36249ab584b86856c"
